
Microsoft Visual Studio Solution File, Format Version 12.00
# Visual Studio Version 17
VisualStudioVersion = 17.10.35027.167
MinimumVisualStudioVersion = 10.0.40219.1
Project("{FAE04EC0-301F-11D3-BF4B-00C04F79EFBC}") = "Arrays", "Arrays\Arrays.csproj", "{ABFBA116-B222-4150-A27D-061677D77712}"
EndProject
Project("{FAE04EC0-301F-11D3-BF4B-00C04F79EFBC}") = "Binary", "Binary\Binary.csproj", "{2AB1E336-ABA9-4367-896C-9A5556564570}"
EndProject
Project("{FAE04EC0-301F-11D3-BF4B-00C04F79EFBC}") = "ConditionalStatements", "ConditionalStatements\ConditionalStatements.csproj", "{54C64B39-C213-4627-9789-5A3DF4FABDCC}"
EndProject
Project("{FAE04EC0-301F-11D3-BF4B-00C04F79EFBC}") = "Loop", "Loop\Loop.csproj", "{E96D4453-D8E6-4BD8-8943-A59CFC0F5AD5}"
EndProject
Project("{FAE04EC0-301F-11D3-BF4B-00C04F79EFBC}") = "Methods", "Methods\Methods.csproj", "{3C31AA05-B05C-4CEB-A8F1-AA282EED469A}"
EndProject
Project("{FAE04EC0-301F-11D3-BF4B-00C04F79EFBC}") = "StringOperations", "StringOperations\StringOperations.csproj", "{701D08B8-4271-49A7-A60C-14F757F2E9E2}"
EndProject
Project("{FAE04EC0-301F-11D3-BF4B-00C04F79EFBC}") = "OOP", "OOP\OOP.csproj", "{58161DFB-B4CA-421A-95A8-EB4B5E00E3D2}"
EndProject
Project("{9A19103F-16F7-4668-BE54-9A1E7A4F7556}") = "TestProject1", "TestProject1\TestProject1.csproj", "{8805BB0B-8573-4320-868D-C8527092569A}"
EndProject
Project("{FAE04EC0-301F-11D3-BF4B-00C04F79EFBC}") = "OOP2", "OOP2\OOP2.csproj", "{1855E9B5-526E-47D0-BEFF-EA66235478CF}"
EndProject
Project("{FAE04EC0-301F-11D3-BF4B-00C04F79EFBC}") = "OOPTest", "OOPTest\OOPTest.csproj", "{A021DAD4-D8C5-40F1-82DD-F9A202EFECFB}"
EndProject
Project("{FAE04EC0-301F-11D3-BF4B-00C04F79EFBC}") = "StaticClass", "StaticClass\StaticClass.csproj", "{E6307E13-5BCC-4F60-8B96-8E209C91B843}"
EndProject
Project("{FAE04EC0-301F-11D3-BF4B-00C04F79EFBC}") = "InterfaceUse", "InterfaceUse\InterfaceUse.csproj", "{1052F1ED-1227-484E-9DCA-3C47DA6B1CAF}"
EndProject
Project("{FAE04EC0-301F-11D3-BF4B-00C04F79EFBC}") = "PartialClassExample", "PartialClassExample\PartialClassExample.csproj", "{5FCB3EE3-8ADA-46E4-BFFC-4FE892D7AD56}"
EndProject
Project("{FAE04EC0-301F-11D3-BF4B-00C04F79EFBC}") = "StructureExample", "StructureExample\StructureExample.csproj", "{2E8A6203-F831-4CCA-8F5B-0FA6E84008C5}"
EndProject
Project("{FAE04EC0-301F-11D3-BF4B-00C04F79EFBC}") = "EnumExamples", "EnumExamples\EnumExamples.csproj", "{48D9A705-EFEA-49FE-880B-32022E2E5662}"
EndProject
Project("{FAE04EC0-301F-11D3-BF4B-00C04F79EFBC}") = "DateTimeExample", "DateTimeExample\DateTimeExample.csproj", "{646F67A6-E917-4051-B619-B967DC0D8B9C}"
EndProject
Project("{FAE04EC0-301F-11D3-BF4B-00C04F79EFBC}") = "StringBuilderExample", "StringBuilderExample\StringBuilderExample.csproj", "{87198938-EFB1-4911-9F95-D3ACA5FAC42C}"
EndProject
Project("{FAE04EC0-301F-11D3-BF4B-00C04F79EFBC}") = "ParameterModifiers", "ParameterModifiers\ParameterModifiers.csproj", "{771247CF-1B2D-4249-8DBA-02BC4659ACF9}"
EndProject
Project("{FAE04EC0-301F-11D3-BF4B-00C04F79EFBC}") = "TupleExample", "TupleExample\TupleExample.csproj", "{560231B2-BF18-4D30-B008-F4132768A5E8}"
EndProject
Project("{FAE04EC0-301F-11D3-BF4B-00C04F79EFBC}") = "NullableTypeExample", "NullableTypeExample\NullableTypeExample.csproj", "{7019792B-FF2C-4FC5-8B00-89E82F69A044}"
EndProject
Project("{FAE04EC0-301F-11D3-BF4B-00C04F79EFBC}") = "AnnonymousObjects", "AnnonymousObjects\AnnonymousObjects.csproj", "{D6ED7F40-671F-4A35-AC2D-7C19BC52951E}"
EndProject
Project("{FAE04EC0-301F-11D3-BF4B-00C04F79EFBC}") = "GenericsExamples", "GenericsExamples\GenericsExamples.csproj", "{026DA76F-A019-4187-BEFC-21762D5C2138}"
EndProject
Project("{FAE04EC0-301F-11D3-BF4B-00C04F79EFBC}") = "ImportantCollections", "ImportantCollections\ImportantCollections.csproj", "{7176637E-FF28-4832-AF6D-1A6BE9D20191}"
EndProject
Project("{FAE04EC0-301F-11D3-BF4B-00C04F79EFBC}") = "ImportantInterfaces", "ImportantInterfaces\ImportantInterfaces.csproj", "{7058E0CB-9679-4BE2-B53B-68D947C77A48}"
EndProject
Project("{FAE04EC0-301F-11D3-BF4B-00C04F79EFBC}") = "AdoNetExample", "AdoNetExample\AdoNetExample.csproj", "{4B1F9A48-2BFA-40D7-B79F-43DE8D4A12E0}"
EndProject
Global
	GlobalSection(SolutionConfigurationPlatforms) = preSolution
		Debug|Any CPU = Debug|Any CPU
		Release|Any CPU = Release|Any CPU
	EndGlobalSection
	GlobalSection(ProjectConfigurationPlatforms) = postSolution
		{ABFBA116-B222-4150-A27D-061677D77712}.Debug|Any CPU.ActiveCfg = Debug|Any CPU
		{ABFBA116-B222-4150-A27D-061677D77712}.Debug|Any CPU.Build.0 = Debug|Any CPU
		{ABFBA116-B222-4150-A27D-061677D77712}.Release|Any CPU.ActiveCfg = Release|Any CPU
		{ABFBA116-B222-4150-A27D-061677D77712}.Release|Any CPU.Build.0 = Release|Any CPU
		{2AB1E336-ABA9-4367-896C-9A5556564570}.Debug|Any CPU.ActiveCfg = Debug|Any CPU
		{2AB1E336-ABA9-4367-896C-9A5556564570}.Debug|Any CPU.Build.0 = Debug|Any CPU
		{2AB1E336-ABA9-4367-896C-9A5556564570}.Release|Any CPU.ActiveCfg = Release|Any CPU
		{2AB1E336-ABA9-4367-896C-9A5556564570}.Release|Any CPU.Build.0 = Release|Any CPU
		{54C64B39-C213-4627-9789-5A3DF4FABDCC}.Debug|Any CPU.ActiveCfg = Debug|Any CPU
		{54C64B39-C213-4627-9789-5A3DF4FABDCC}.Debug|Any CPU.Build.0 = Debug|Any CPU
		{54C64B39-C213-4627-9789-5A3DF4FABDCC}.Release|Any CPU.ActiveCfg = Release|Any CPU
		{54C64B39-C213-4627-9789-5A3DF4FABDCC}.Release|Any CPU.Build.0 = Release|Any CPU
		{E96D4453-D8E6-4BD8-8943-A59CFC0F5AD5}.Debug|Any CPU.ActiveCfg = Debug|Any CPU
		{E96D4453-D8E6-4BD8-8943-A59CFC0F5AD5}.Debug|Any CPU.Build.0 = Debug|Any CPU
		{E96D4453-D8E6-4BD8-8943-A59CFC0F5AD5}.Release|Any CPU.ActiveCfg = Release|Any CPU
		{E96D4453-D8E6-4BD8-8943-A59CFC0F5AD5}.Release|Any CPU.Build.0 = Release|Any CPU
		{3C31AA05-B05C-4CEB-A8F1-AA282EED469A}.Debug|Any CPU.ActiveCfg = Debug|Any CPU
		{3C31AA05-B05C-4CEB-A8F1-AA282EED469A}.Debug|Any CPU.Build.0 = Debug|Any CPU
		{3C31AA05-B05C-4CEB-A8F1-AA282EED469A}.Release|Any CPU.ActiveCfg = Release|Any CPU
		{3C31AA05-B05C-4CEB-A8F1-AA282EED469A}.Release|Any CPU.Build.0 = Release|Any CPU
		{701D08B8-4271-49A7-A60C-14F757F2E9E2}.Debug|Any CPU.ActiveCfg = Debug|Any CPU
		{701D08B8-4271-49A7-A60C-14F757F2E9E2}.Debug|Any CPU.Build.0 = Debug|Any CPU
		{701D08B8-4271-49A7-A60C-14F757F2E9E2}.Release|Any CPU.ActiveCfg = Release|Any CPU
		{701D08B8-4271-49A7-A60C-14F757F2E9E2}.Release|Any CPU.Build.0 = Release|Any CPU
		{58161DFB-B4CA-421A-95A8-EB4B5E00E3D2}.Debug|Any CPU.ActiveCfg = Debug|Any CPU
		{58161DFB-B4CA-421A-95A8-EB4B5E00E3D2}.Debug|Any CPU.Build.0 = Debug|Any CPU
		{58161DFB-B4CA-421A-95A8-EB4B5E00E3D2}.Release|Any CPU.ActiveCfg = Release|Any CPU
		{58161DFB-B4CA-421A-95A8-EB4B5E00E3D2}.Release|Any CPU.Build.0 = Release|Any CPU
		{8805BB0B-8573-4320-868D-C8527092569A}.Debug|Any CPU.ActiveCfg = Debug|Any CPU
		{8805BB0B-8573-4320-868D-C8527092569A}.Debug|Any CPU.Build.0 = Debug|Any CPU
		{8805BB0B-8573-4320-868D-C8527092569A}.Release|Any CPU.ActiveCfg = Release|Any CPU
		{8805BB0B-8573-4320-868D-C8527092569A}.Release|Any CPU.Build.0 = Release|Any CPU
		{1855E9B5-526E-47D0-BEFF-EA66235478CF}.Debug|Any CPU.ActiveCfg = Debug|Any CPU
		{1855E9B5-526E-47D0-BEFF-EA66235478CF}.Debug|Any CPU.Build.0 = Debug|Any CPU
		{1855E9B5-526E-47D0-BEFF-EA66235478CF}.Release|Any CPU.ActiveCfg = Release|Any CPU
		{1855E9B5-526E-47D0-BEFF-EA66235478CF}.Release|Any CPU.Build.0 = Release|Any CPU
		{A021DAD4-D8C5-40F1-82DD-F9A202EFECFB}.Debug|Any CPU.ActiveCfg = Debug|Any CPU
		{A021DAD4-D8C5-40F1-82DD-F9A202EFECFB}.Debug|Any CPU.Build.0 = Debug|Any CPU
		{A021DAD4-D8C5-40F1-82DD-F9A202EFECFB}.Release|Any CPU.ActiveCfg = Release|Any CPU
		{A021DAD4-D8C5-40F1-82DD-F9A202EFECFB}.Release|Any CPU.Build.0 = Release|Any CPU
		{E6307E13-5BCC-4F60-8B96-8E209C91B843}.Debug|Any CPU.ActiveCfg = Debug|Any CPU
		{E6307E13-5BCC-4F60-8B96-8E209C91B843}.Debug|Any CPU.Build.0 = Debug|Any CPU
		{E6307E13-5BCC-4F60-8B96-8E209C91B843}.Release|Any CPU.ActiveCfg = Release|Any CPU
		{E6307E13-5BCC-4F60-8B96-8E209C91B843}.Release|Any CPU.Build.0 = Release|Any CPU
		{1052F1ED-1227-484E-9DCA-3C47DA6B1CAF}.Debug|Any CPU.ActiveCfg = Debug|Any CPU
		{1052F1ED-1227-484E-9DCA-3C47DA6B1CAF}.Debug|Any CPU.Build.0 = Debug|Any CPU
		{1052F1ED-1227-484E-9DCA-3C47DA6B1CAF}.Release|Any CPU.ActiveCfg = Release|Any CPU
		{1052F1ED-1227-484E-9DCA-3C47DA6B1CAF}.Release|Any CPU.Build.0 = Release|Any CPU
		{5FCB3EE3-8ADA-46E4-BFFC-4FE892D7AD56}.Debug|Any CPU.ActiveCfg = Debug|Any CPU
		{5FCB3EE3-8ADA-46E4-BFFC-4FE892D7AD56}.Debug|Any CPU.Build.0 = Debug|Any CPU
		{5FCB3EE3-8ADA-46E4-BFFC-4FE892D7AD56}.Release|Any CPU.ActiveCfg = Release|Any CPU
		{5FCB3EE3-8ADA-46E4-BFFC-4FE892D7AD56}.Release|Any CPU.Build.0 = Release|Any CPU
		{2E8A6203-F831-4CCA-8F5B-0FA6E84008C5}.Debug|Any CPU.ActiveCfg = Debug|Any CPU
		{2E8A6203-F831-4CCA-8F5B-0FA6E84008C5}.Debug|Any CPU.Build.0 = Debug|Any CPU
		{2E8A6203-F831-4CCA-8F5B-0FA6E84008C5}.Release|Any CPU.ActiveCfg = Release|Any CPU
		{2E8A6203-F831-4CCA-8F5B-0FA6E84008C5}.Release|Any CPU.Build.0 = Release|Any CPU
		{48D9A705-EFEA-49FE-880B-32022E2E5662}.Debug|Any CPU.ActiveCfg = Debug|Any CPU
		{48D9A705-EFEA-49FE-880B-32022E2E5662}.Debug|Any CPU.Build.0 = Debug|Any CPU
		{48D9A705-EFEA-49FE-880B-32022E2E5662}.Release|Any CPU.ActiveCfg = Release|Any CPU
		{48D9A705-EFEA-49FE-880B-32022E2E5662}.Release|Any CPU.Build.0 = Release|Any CPU
		{646F67A6-E917-4051-B619-B967DC0D8B9C}.Debug|Any CPU.ActiveCfg = Debug|Any CPU
		{646F67A6-E917-4051-B619-B967DC0D8B9C}.Debug|Any CPU.Build.0 = Debug|Any CPU
		{646F67A6-E917-4051-B619-B967DC0D8B9C}.Release|Any CPU.ActiveCfg = Release|Any CPU
		{646F67A6-E917-4051-B619-B967DC0D8B9C}.Release|Any CPU.Build.0 = Release|Any CPU
		{87198938-EFB1-4911-9F95-D3ACA5FAC42C}.Debug|Any CPU.ActiveCfg = Debug|Any CPU
		{87198938-EFB1-4911-9F95-D3ACA5FAC42C}.Debug|Any CPU.Build.0 = Debug|Any CPU
		{87198938-EFB1-4911-9F95-D3ACA5FAC42C}.Release|Any CPU.ActiveCfg = Release|Any CPU
		{87198938-EFB1-4911-9F95-D3ACA5FAC42C}.Release|Any CPU.Build.0 = Release|Any CPU
		{771247CF-1B2D-4249-8DBA-02BC4659ACF9}.Debug|Any CPU.ActiveCfg = Debug|Any CPU
		{771247CF-1B2D-4249-8DBA-02BC4659ACF9}.Debug|Any CPU.Build.0 = Debug|Any CPU
		{771247CF-1B2D-4249-8DBA-02BC4659ACF9}.Release|Any CPU.ActiveCfg = Release|Any CPU
		{771247CF-1B2D-4249-8DBA-02BC4659ACF9}.Release|Any CPU.Build.0 = Release|Any CPU
		{560231B2-BF18-4D30-B008-F4132768A5E8}.Debug|Any CPU.ActiveCfg = Debug|Any CPU
		{560231B2-BF18-4D30-B008-F4132768A5E8}.Debug|Any CPU.Build.0 = Debug|Any CPU
		{560231B2-BF18-4D30-B008-F4132768A5E8}.Release|Any CPU.ActiveCfg = Release|Any CPU
		{560231B2-BF18-4D30-B008-F4132768A5E8}.Release|Any CPU.Build.0 = Release|Any CPU
		{7019792B-FF2C-4FC5-8B00-89E82F69A044}.Debug|Any CPU.ActiveCfg = Debug|Any CPU
		{7019792B-FF2C-4FC5-8B00-89E82F69A044}.Debug|Any CPU.Build.0 = Debug|Any CPU
		{7019792B-FF2C-4FC5-8B00-89E82F69A044}.Release|Any CPU.ActiveCfg = Release|Any CPU
		{7019792B-FF2C-4FC5-8B00-89E82F69A044}.Release|Any CPU.Build.0 = Release|Any CPU
		{D6ED7F40-671F-4A35-AC2D-7C19BC52951E}.Debug|Any CPU.ActiveCfg = Debug|Any CPU
		{D6ED7F40-671F-4A35-AC2D-7C19BC52951E}.Debug|Any CPU.Build.0 = Debug|Any CPU
		{D6ED7F40-671F-4A35-AC2D-7C19BC52951E}.Release|Any CPU.ActiveCfg = Release|Any CPU
		{D6ED7F40-671F-4A35-AC2D-7C19BC52951E}.Release|Any CPU.Build.0 = Release|Any CPU
		{026DA76F-A019-4187-BEFC-21762D5C2138}.Debug|Any CPU.ActiveCfg = Debug|Any CPU
		{026DA76F-A019-4187-BEFC-21762D5C2138}.Debug|Any CPU.Build.0 = Debug|Any CPU
		{026DA76F-A019-4187-BEFC-21762D5C2138}.Release|Any CPU.ActiveCfg = Release|Any CPU
		{026DA76F-A019-4187-BEFC-21762D5C2138}.Release|Any CPU.Build.0 = Release|Any CPU
		{7176637E-FF28-4832-AF6D-1A6BE9D20191}.Debug|Any CPU.ActiveCfg = Debug|Any CPU
		{7176637E-FF28-4832-AF6D-1A6BE9D20191}.Debug|Any CPU.Build.0 = Debug|Any CPU
		{7176637E-FF28-4832-AF6D-1A6BE9D20191}.Release|Any CPU.ActiveCfg = Release|Any CPU
		{7176637E-FF28-4832-AF6D-1A6BE9D20191}.Release|Any CPU.Build.0 = Release|Any CPU
		{7058E0CB-9679-4BE2-B53B-68D947C77A48}.Debug|Any CPU.ActiveCfg = Debug|Any CPU
		{7058E0CB-9679-4BE2-B53B-68D947C77A48}.Debug|Any CPU.Build.0 = Debug|Any CPU
		{7058E0CB-9679-4BE2-B53B-68D947C77A48}.Release|Any CPU.ActiveCfg = Release|Any CPU
		{7058E0CB-9679-4BE2-B53B-68D947C77A48}.Release|Any CPU.Build.0 = Release|Any CPU
		{4B1F9A48-2BFA-40D7-B79F-43DE8D4A12E0}.Debug|Any CPU.ActiveCfg = Debug|Any CPU
		{4B1F9A48-2BFA-40D7-B79F-43DE8D4A12E0}.Debug|Any CPU.Build.0 = Debug|Any CPU
		{4B1F9A48-2BFA-40D7-B79F-43DE8D4A12E0}.Release|Any CPU.ActiveCfg = Release|Any CPU
		{4B1F9A48-2BFA-40D7-B79F-43DE8D4A12E0}.Release|Any CPU.Build.0 = Release|Any CPU
	EndGlobalSection
	GlobalSection(SolutionProperties) = preSolution
		HideSolutionNode = FALSE
	EndGlobalSection
	GlobalSection(ExtensibilityGlobals) = postSolution
		SolutionGuid = {D53B1CD5-E26B-47AB-8D92-B6EDC4BD6ED6}
	EndGlobalSection
EndGlobal
